
Microsoft Visual Studio Solution File, Format Version 12.00
# Visual Studio 15
VisualStudioVersion = 15.0.28010.2046
MinimumVisualStudioVersion = 10.0.40219.1
Project("{FAE04EC0-301F-11D3-BF4B-00C04F79EFBC}") = "CoreCrudApp", "CoreCrudApp\CoreCrudApp.csproj", "{457402BB-E325-453F-87B2-B0230C3DDA1E}"
EndProject
Global
	GlobalSection(SolutionConfigurationPlatforms) = preSolution
		Debug|Any CPU = Debug|Any CPU
		Release|Any CPU = Release|Any CPU
	EndGlobalSection
	GlobalSection(ProjectConfigurationPlatforms) = postSolution
		{457402BB-E325-453F-87B2-B0230C3DDA1E}.Debug|Any CPU.ActiveCfg = Debug|Any CPU
		{457402BB-E325-453F-87B2-B0230C3DDA1E}.Debug|Any CPU.Build.0 = Debug|Any CPU
		{457402BB-E325-453F-87B2-B0230C3DDA1E}.Release|Any CPU.ActiveCfg = Release|Any CPU
		{457402BB-E325-453F-87B2-B0230C3DDA1E}.Release|Any CPU.Build.0 = Release|Any CPU
	EndGlobalSection
	GlobalSection(SolutionProperties) = preSolution
		HideSolutionNode = FALSE
	EndGlobalSection
	GlobalSection(ExtensibilityGlobals) = postSolution
		SolutionGuid = {77EF9169-2435-4CFC-8C7E-420C40CD5638}
	EndGlobalSection
EndGlobal
